
Microsoft Visual Studio Solution File, Format Version 12.00
# Visual Studio Version 16
VisualStudioVersion = 16.0.31105.61
MinimumVisualStudioVersion = 10.0.40219.1
Project("{FAE04EC0-301F-11D3-BF4B-00C04F79EFBC}") = "Image gallery", "Image gallery\Image gallery.csproj", "{0AE29D72-25B6-4BB0-B07E-A08292C69A48}"
EndProject
Global
	GlobalSection(SolutionConfigurationPlatforms) = preSolution
		Debug|Any CPU = Debug|Any CPU
		Release|Any CPU = Release|Any CPU
	EndGlobalSection
	GlobalSection(ProjectConfigurationPlatforms) = postSolution
		{0AE29D72-25B6-4BB0-B07E-A08292C69A48}.Debug|Any CPU.ActiveCfg = Debug|Any CPU
		{0AE29D72-25B6-4BB0-B07E-A08292C69A48}.Debug|Any CPU.Build.0 = Debug|Any CPU
		{0AE29D72-25B6-4BB0-B07E-A08292C69A48}.Release|Any CPU.ActiveCfg = Release|Any CPU
		{0AE29D72-25B6-4BB0-B07E-A08292C69A48}.Release|Any CPU.Build.0 = Release|Any CPU
	EndGlobalSection
	GlobalSection(SolutionProperties) = preSolution
		HideSolutionNode = FALSE
	EndGlobalSection
	GlobalSection(ExtensibilityGlobals) = postSolution
		SolutionGuid = {70B011F7-DED1-4625-9F40-CC31ACBE2A53}
	EndGlobalSection
EndGlobal
